// !$*UTF8*$!
{
	archiveVersion = 1;
	classes = {
	};
	objectVersion = 46;
	objects = {

/* Begin PBXBuildFile section */
		479C9F861E42744B00733B52 /* TableViewController.swift in Sources */ = {isa = PBXBuildFile; fileRef = 479C9F851E42744B00733B52 /* TableViewController.swift */; };
		47D1BAD71E2C1AA40053D12B /* AppDelegate.swift in Sources */ = {isa = PBXBuildFile; fileRef = 47D1BAD61E2C1AA40053D12B /* AppDelegate.swift */; };
		47D1BAD91E2C1AA40053D12B /* ViewController.swift in Sources */ = {isa = PBXBuildFile; fileRef = 47D1BAD81E2C1AA40053D12B /* ViewController.swift */; };
		47D1BADC1E2C1AA40053D12B /* Main.storyboard in Resources */ = {isa = PBXBuildFile; fileRef = 47D1BADA1E2C1AA40053D12B /* Main.storyboard */; };
		47D1BADE1E2C1AA40053D12B /* Assets.xcassets in Resources */ = {isa = PBXBuildFile; fileRef = 47D1BADD1E2C1AA40053D12B /* Assets.xcassets */; };
		47D1BAE11E2C1AA40053D12B /* LaunchScreen.storyboard in Resources */ = {isa = PBXBuildFile; fileRef = 47D1BADF1E2C1AA40053D12B /* LaunchScreen.storyboard */; };
		47D1BAEC1E2C1AA50053D12B /* FiltererTests.swift in Sources */ = {isa = PBXBuildFile; fileRef = 47D1BAEB1E2C1AA50053D12B /* FiltererTests.swift */; };
		47D1BAF71E2C1AA50053D12B /* FiltererUITests.swift in Sources */ = {isa = PBXBuildFile; fileRef = 47D1BAF61E2C1AA50053D12B /* FiltererUITests.swift */; };
		47D1BB051E2C1C0A0053D12B /* RGBAImage.swift in Sources */ = {isa = PBXBuildFile; fileRef = 47D1BB041E2C1C0A0053D12B /* RGBAImage.swift */; };
/* End PBXBuildFile section */

/* Begin PBXContainerItemProxy section */
		47D1BAE81E2C1AA50053D12B /* PBXContainerItemProxy */ = {
			isa = PBXContainerItemProxy;
			containerPortal = 47D1BACB1E2C1AA40053D12B /* Project object */;
			proxyType = 1;
			remoteGlobalIDString = 47D1BAD21E2C1AA40053D12B;
			remoteInfo = Filterer;
		};
		47D1BAF31E2C1AA50053D12B /* PBXContainerItemProxy */ = {
			isa = PBXContainerItemProxy;
			containerPortal = 47D1BACB1E2C1AA40053D12B /* Project object */;
			proxyType = 1;
			remoteGlobalIDString = 47D1BAD21E2C1AA40053D12B;
			remoteInfo = Filterer;
		};
/* End PBXContainerItemProxy section */

/* Begin PBXFileReference section */
		479C9F851E42744B00733B52 /* TableViewController.swift */ = {isa = PBXFileReference; fileEncoding = 4; lastKnownFileType = sourcecode.swift; path = TableViewController.swift; sourceTree = "<group>"; };
		47D1BAD31E2C1AA40053D12B /* Filterer.app */ = {isa = PBXFileReference; explicitFileType = wrapper.application; includeInIndex = 0; path = Filterer.app; sourceTree = BUILT_PRODUCTS_DIR; };
		47D1BAD61E2C1AA40053D12B /* AppDelegate.swift */ = {isa = PBXFileReference; lastKnownFileType = sourcecode.swift; path = AppDelegate.swift; sourceTree = "<group>"; };
		47D1BAD81E2C1AA40053D12B /* ViewController.swift */ = {isa = PBXFileReference; lastKnownFileType = sourcecode.swift; path = ViewController.swift; sourceTree = "<group>"; };
		47D1BADB1E2C1AA40053D12B /* Base */ = {isa = PBXFileReference; lastKnownFileType = file.storyboard; name = Base; path = Base.lproj/Main.storyboard; sourceTree = "<group>"; };
		47D1BADD1E2C1AA40053D12B /* Assets.xcassets */ = {isa = PBXFileReference; lastKnownFileType = folder.assetcatalog; path = Assets.xcassets; sourceTree = "<group>"; };
		47D1BAE01E2C1AA40053D12B /* Base */ = {isa = PBXFileReference; lastKnownFileType = file.storyboard; name = Base; path = Base.lproj/LaunchScreen.storyboard; sourceTree = "<group>"; };
		47D1BAE21E2C1AA40053D12B /* Info.plist */ = {isa = PBXFileReference; lastKnownFileType = text.plist.xml; path = Info.plist; sourceTree = "<group>"; };
		47D1BAE71E2C1AA50053D12B /* FiltererTests.xctest */ = {isa = PBXFileReference; explicitFileType = wrapper.cfbundle; includeInIndex = 0; path = FiltererTests.xctest; sourceTree = BUILT_PRODUCTS_DIR; };
		47D1BAEB1E2C1AA50053D12B /* FiltererTests.swift */ = {isa = PBXFileReference; lastKnownFileType = sourcecode.swift; path = FiltererTests.swift; sourceTree = "<group>"; };
		47D1BAED1E2C1AA50053D12B /* Info.plist */ = {isa = PBXFileReference; lastKnownFileType = text.plist.xml; path = Info.plist; sourceTree = "<group>"; };
		47D1BAF21E2C1AA50053D12B /* FiltererUITests.xctest */ = {isa = PBXFileReference; explicitFileType = wrapper.cfbundle; includeInIndex = 0; path = FiltererUITests.xctest; sourceTree = BUILT_PRODUCTS_DIR; };
		47D1BAF61E2C1AA50053D12B /* FiltererUITests.swift */ = {isa = PBXFileReference; lastKnownFileType = sourcecode.swift; path = FiltererUITests.swift; sourceTree = "<group>"; };
		47D1BAF81E2C1AA50053D12B /* Info.plist */ = {isa = PBXFileReference; lastKnownFileType = text.plist.xml; path = Info.plist; sourceTree = "<group>"; };
		47D1BB041E2C1C0A0053D12B /* RGBAImage.swift */ = {isa = PBXFileReference; fileEncoding = 4; lastKnownFileType = sourcecode.swift; path = RGBAImage.swift; sourceTree = "<group>"; };
/* End PBXFileReference section */

/* Begin PBXFrameworksBuildPhase section */
		47D1BAD01E2C1AA40053D12B /* Frameworks */ = {
			isa = PBXFrameworksBuildPhase;
			buildActionMask = 2147483647;
			files = (
			);
			runOnlyForDeploymentPostprocessing = 0;
		};
		47D1BAE41E2C1AA50053D12B /* Frameworks */ = {
			isa = PBXFrameworksBuildPhase;
			buildActionMask = 2147483647;
			files = (
			);
			runOnlyForDeploymentPostprocessing = 0;
		};
		47D1BAEF1E2C1AA50053D12B /* Frameworks */ = {
			isa = PBXFrameworksBuildPhase;
			buildActionMask = 2147483647;
			files = (
			);
			runOnlyForDeploymentPostprocessing = 0;
		};
/* End PBXFrameworksBuildPhase section */

/* Begin PBXGroup section */
		47D1BACA1E2C1AA40053D12B = {
			isa = PBXGroup;
			children = (
				47D1BAD51E2C1AA40053D12B /* Filterer */,
				47D1BAEA1E2C1AA50053D12B /* FiltererTests */,
				47D1BAF51E2C1AA50053D12B /* FiltererUITests */,
				47D1BAD41E2C1AA40053D12B /* Products */,
			);
			sourceTree = "<group>";
		};
		47D1BAD41E2C1AA40053D12B /* Products */ = {
			isa = PBXGroup;
			children = (
				47D1BAD31E2C1AA40053D12B /* Filterer.app */,
				47D1BAE71E2C1AA50053D12B /* FiltererTests.xctest */,
				47D1BAF21E2C1AA50053D12B /* FiltererUITests.xctest */,
			);
			name = Products;
			sourceTree = "<group>";
		};
		47D1BAD51E2C1AA40053D12B /* Filterer */ = {
			isa = PBXGroup;
			children = (
				47D1BAD61E2C1AA40053D12B /* AppDelegate.swift */,
				47D1BAD81E2C1AA40053D12B /* ViewController.swift */,
				479C9F851E42744B00733B52 /* TableViewController.swift */,
				47D1BB041E2C1C0A0053D12B /* RGBAImage.swift */,
				47D1BADA1E2C1AA40053D12B /* Main.storyboard */,
				47D1BADD1E2C1AA40053D12B /* Assets.xcassets */,
				47D1BADF1E2C1AA40053D12B /* LaunchScreen.storyboard */,
				47D1BAE21E2C1AA40053D12B /* Info.plist */,
			);
			path = Filterer;
			sourceTree = "<group>";
		};
		47D1BAEA1E2C1AA50053D12B /* FiltererTests */ = {
			isa = PBXGroup;
			children = (
				47D1BAEB1E2C1AA50053D12B /* FiltererTests.swift */,
				47D1BAED1E2C1AA50053D12B /* Info.plist */,
			);
			path = FiltererTests;
			sourceTree = "<group>";
		};
		47D1BAF51E2C1AA50053D12B /* FiltererUITests */ = {
			isa = PBXGroup;
			children = (
				47D1BAF61E2C1AA50053D12B /* FiltererUITests.swift */,
				47D1BAF81E2C1AA50053D12B /* Info.plist */,
			);
			path = FiltererUITests;
			sourceTree = "<group>";
		};
/* End PBXGroup section */

/* Begin PBXNativeTarget section */
		47D1BAD21E2C1AA40053D12B /* Filterer */ = {
			isa = PBXNativeTarget;
			buildConfigurationList = 47D1BAFB1E2C1AA50053D12B /* Build configuration list for PBXNativeTarget "Filterer" */;
			buildPhases = (
				47D1BACF1E2C1AA40053D12B /* Sources */,
				47D1BAD01E2C1AA40053D12B /* Frameworks */,
				47D1BAD11E2C1AA40053D12B /* Resources */,
			);
			buildRules = (
			);
			dependencies = (
			);
			name = Filterer;
			productName = Filterer;
			productReference = 47D1BAD31E2C1AA40053D12B /* Filterer.app */;
			productType = "com.apple.product-type.application";
		};
		47D1BAE61E2C1AA50053D12B /* FiltererTests */ = {
			isa = PBXNativeTarget;
			buildConfigurationList = 47D1BAFE1E2C1AA50053D12B /* Build configuration list for PBXNativeTarget "FiltererTests" */;
			buildPhases = (
				47D1BAE31E2C1AA50053D12B /* Sources */,
				47D1BAE41E2C1AA50053D12B /* Frameworks */,
				47D1BAE51E2C1AA50053D12B /* Resources */,
			);
			buildRules = (
			);
			dependencies = (
				47D1BAE91E2C1AA50053D12B /* PBXTargetDependency */,
			);
			name = FiltererTests;
			productName = FiltererTests;
			productReference = 47D1BAE71E2C1AA50053D12B /* FiltererTests.xctest */;
			productType = "com.apple.product-type.bundle.unit-test";
		};
		47D1BAF11E2C1AA50053D12B /* FiltererUITests */ = {
			isa = PBXNativeTarget;
			buildConfigurationList = 47D1BB011E2C1AA50053D12B /* Build configuration list for PBXNativeTarget "FiltererUITests" */;
			buildPhases = (
				47D1BAEE1E2C1AA50053D12B /* Sources */,
				47D1BAEF1E2C1AA50053D12B /* Frameworks */,
				47D1BAF01E2C1AA50053D12B /* Resources */,
			);
			buildRules = (
			);
			dependencies = (
				47D1BAF41E2C1AA50053D12B /* PBXTargetDependency */,
			);
			name = FiltererUITests;
			productName = FiltererUITests;
			productReference = 47D1BAF21E2C1AA50053D12B /* FiltererUITests.xctest */;
			productType = "com.apple.product-type.bundle.ui-testing";
		};
/* End PBXNativeTarget section */

/* Begin PBXProject section */
		47D1BACB1E2C1AA40053D12B /* Project object */ = {
			isa = PBXProject;
			attributes = {
				LastSwiftUpdateCheck = 0730;
				LastUpgradeCheck = 0730;
				ORGANIZATIONNAME = Cyrus;
				TargetAttributes = {
					47D1BAD21E2C1AA40053D12B = {
						CreatedOnToolsVersion = 7.3.1;
						DevelopmentTeam = TCV22SV9QT;
					};
					47D1BAE61E2C1AA50053D12B = {
						CreatedOnToolsVersion = 7.3.1;
						DevelopmentTeam = TCV22SV9QT;
						TestTargetID = 47D1BAD21E2C1AA40053D12B;
					};
					47D1BAF11E2C1AA50053D12B = {
						CreatedOnToolsVersion = 7.3.1;
						DevelopmentTeam = TCV22SV9QT;
						TestTargetID = 47D1BAD21E2C1AA40053D12B;
					};
				};
			};
			buildConfigurationList = 47D1BACE1E2C1AA40053D12B /* Build configuration list for PBXProject "Filterer" */;
			compatibilityVersion = "Xcode 3.2";
			developmentRegion = English;
			hasScannedForEncodings = 0;
			knownRegions = (
				en,
				Base,
			);
			mainGroup = 47D1BACA1E2C1AA40053D12B;
			productRefGroup = 47D1BAD41E2C1AA40053D12B /* Products */;
			projectDirPath = "";
			projectRoot = "";
			targets = (
				47D1BAD21E2C1AA40053D12B /* Filterer */,
				47D1BAE61E2C1AA50053D12B /* FiltererTests */,
				47D1BAF11E2C1AA50053D12B /* FiltererUITests */,
			);
		};
/* End PBXProject section */

/* Begin PBXResourcesBuildPhase section */
		47D1BAD11E2C1AA40053D12B /* Resources */ = {
			isa = PBXResourcesBuildPhase;
			buildActionMask = 2147483647;
			files = (
				47D1BAE11E2C1AA40053D12B /* LaunchScreen.storyboard in Resources */,
				47D1BADE1E2C1AA40053D12B /* Assets.xcassets in Resources */,
				47D1BADC1E2C1AA40053D12B /* Main.storyboard in Resources */,
			);
			runOnlyForDeploymentPostprocessing = 0;
		};
		47D1BAE51E2C1AA50053D12B /* Resources */ = {
			isa = PBXResourcesBuildPhase;
			buildActionMask = 2147483647;
			files = (
			);
			runOnlyForDeploymentPostprocessing = 0;
		};
		47D1BAF01E2C1AA50053D12B /* Resources */ = {
			isa = PBXResourcesBuildPhase;
			buildActionMask = 2147483647;
			files = (
			);
			runOnlyForDeploymentPostprocessing = 0;
		};
/* End PBXResourcesBuildPhase section */

/* Begin PBXSourcesBuildPhase section */
		47D1BACF1E2C1AA40053D12B /* Sources */ = {
			isa = PBXSourcesBuildPhase;
			buildActionMask = 2147483647;
			files = (
				47D1BAD91E2C1AA40053D12B /* ViewController.swift in Sources */,
				47D1BB051E2C1C0A0053D12B /* RGBAImage.swift in Sources */,
				47D1BAD71E2C1AA40053D12B /* AppDelegate.swift in Sources */,
				479C9F861E42744B00733B52 /* TableViewController.swift in Sources */,
			);
			runOnlyForDeploymentPostprocessing = 0;
		};
		47D1BAE31E2C1AA50053D12B /* Sources */ = {
			isa = PBXSourcesBuildPhase;
			buildActionMask = 2147483647;
			files = (
				47D1BAEC1E2C1AA50053D12B /* FiltererTests.swift in Sources */,
			);
			runOnlyForDeploymentPostprocessing = 0;
		};
		47D1BAEE1E2C1AA50053D12B /* Sources */ = {
			isa = PBXSourcesBuildPhase;
			buildActionMask = 2147483647;
			files = (
				47D1BAF71E2C1AA50053D12B /* FiltererUITests.swift in Sources */,
			);
			runOnlyForDeploymentPostprocessing = 0;
		};
/* End PBXSourcesBuildPhase section */

/* Begin PBXTargetDependency section */
		47D1BAE91E2C1AA50053D12B /* PBXTargetDependency */ = {
			isa = PBXTargetDependency;
			target = 47D1BAD21E2C1AA40053D12B /* Filterer */;
			targetProxy = 47D1BAE81E2C1AA50053D12B /* PBXContainerItemProxy */;
		};
		47D1BAF41E2C1AA50053D12B /* PBXTargetDependency */ = {
			isa = PBXTargetDependency;
			target = 47D1BAD21E2C1AA40053D12B /* Filterer */;
			targetProxy = 47D1BAF31E2C1AA50053D12B /* PBXContainerItemProxy */;
		};
/* End PBXTargetDependency section */

/* Begin PBXVariantGroup section */
		47D1BADA1E2C1AA40053D12B /* Main.storyboard */ = {
			isa = PBXVariantGroup;
			children = (
				47D1BADB1E2C1AA40053D12B /* Base */,
			);
			name = Main.storyboard;
			sourceTree = "<group>";
		};
		47D1BADF1E2C1AA40053D12B /* LaunchScreen.storyboard */ = {
			isa = PBXVariantGroup;
			children = (
				47D1BAE01E2C1AA40053D12B /* Base */,
			);
			name = LaunchScreen.storyboard;
			sourceTree = "<group>";
		};
/* End PBXVariantGroup section */

/* Begin XCBuildConfiguration section */
		47D1BAF91E2C1AA50053D12B /* Debug */ = {
			isa = XCBuildConfiguration;
			buildSettings = {
				ALWAYS_SEARCH_USER_PATHS = NO;
				CLANG_ANALYZER_NONNULL = YES;
				CLANG_CXX_LANGUAGE_STANDARD = "gnu++0x";
				CLANG_CXX_LIBRARY = "libc++";
				CLANG_ENABLE_MODULES = YES;
				CLANG_ENABLE_OBJC_ARC = YES;
				CLANG_WARN_BOOL_CONVERSION = YES;
				CLANG_WARN_CONSTANT_CONVERSION = YES;
				CLANG_WARN_DIRECT_OBJC_ISA_USAGE = YES_ERROR;
				CLANG_WARN_EMPTY_BODY = YES;
				CLANG_WARN_ENUM_CONVERSION = YES;
				CLANG_WARN_INT_CONVERSION = YES;
				CLANG_WARN_OBJC_ROOT_CLASS = YES_ERROR;
				CLANG_WARN_UNREACHABLE_CODE = YES;
				CLANG_WARN__DUPLICATE_METHOD_MATCH = YES;
				"CODE_SIGN_IDENTITY[sdk=iphoneos*]" = "iPhone Developer";
				COPY_PHASE_STRIP = NO;
				DEBUG_INFORMATION_FORMAT = dwarf;
				ENABLE_STRICT_OBJC_MSGSEND = YES;
				ENABLE_TESTABILITY = YES;
				GCC_C_LANGUAGE_STANDARD = gnu99;
				GCC_DYNAMIC_NO_PIC = NO;
				GCC_NO_COMMON_BLOCKS = YES;
				GCC_OPTIMIZATION_LEVEL = 0;
				GCC_PREPROCESSOR_DEFINITIONS = (
					"DEBUG=1",
					"$(inherited)",
				);
				GCC_WARN_64_TO_32_BIT_CONVERSION = YES;
				GCC_WARN_ABOUT_RETURN_TYPE = YES_ERROR;
				GCC_WARN_UNDECLARED_SELECTOR = YES;
				GCC_WARN_UNINITIALIZED_AUTOS = YES_AGGRESSIVE;
				GCC_WARN_UNUSED_FUNCTION = YES;
				GCC_WARN_UNUSED_VARIABLE = YES;
				IPHONEOS_DEPLOYMENT_TARGET = 9.3;
				MTL_ENABLE_DEBUG_INFO = YES;
				ONLY_ACTIVE_ARCH = YES;
				SDKROOT = iphoneos;
				SWIFT_OPTIMIZATION_LEVEL = "-Onone";
				TARGETED_DEVICE_FAMILY = "1,2";
			};
			name = Debug;
		};
		47D1BAFA1E2C1AA50053D12B /* Release */ = {
			isa = XCBuildConfiguration;
			buildSettings = {
				ALWAYS_SEARCH_USER_PATHS = NO;
				CLANG_ANALYZER_NONNULL = YES;
				CLANG_CXX_LANGUAGE_STANDARD = "gnu++0x";
				CLANG_CXX_LIBRARY = "libc++";
				CLANG_ENABLE_MODULES = YES;
				CLANG_ENABLE_OBJC_ARC = YES;
				CLANG_WARN_BOOL_CONVERSION = YES;
				CLANG_WARN_CONSTANT_CONVERSION = YES;
				CLANG_WARN_DIRECT_OBJC_ISA_USAGE = YES_ERROR;
				CLANG_WARN_EMPTY_BODY = YES;
				CLANG_WARN_ENUM_CONVERSION = YES;
				CLANG_WARN_INT_CONVERSION = YES;
				CLANG_WARN_OBJC_ROOT_CLASS = YES_ERROR;
				CLANG_WARN_UNREACHABLE_CODE = YES;
				CLANG_WARN__DUPLICATE_METHOD_MATCH = YES;
				"CODE_SIGN_IDENTITY[sdk=iphoneos*]" = "iPhone Developer";
				COPY_PHASE_STRIP = NO;
				DEBUG_INFORMATION_FORMAT = "dwarf-with-dsym";
				ENABLE_NS_ASSERTIONS = NO;
				ENABLE_STRICT_OBJC_MSGSEND = YES;
				GCC_C_LANGUAGE_STANDARD = gnu99;
				GCC_NO_COMMON_BLOCKS = YES;
				GCC_WARN_64_TO_32_BIT_CONVERSION = YES;
				GCC_WARN_ABOUT_RETURN_TYPE = YES_ERROR;
				GCC_WARN_UNDECLARED_SELECTOR = YES;
				GCC_WARN_UNINITIALIZED_AUTOS = YES_AGGRESSIVE;
				GCC_WARN_UNUSED_FUNCTION = YES;
				GCC_WARN_UNUSED_VARIABLE = YES;
				IPHONEOS_DEPLOYMENT_TARGET = 9.3;
				MTL_ENABLE_DEBUG_INFO = NO;
				SDKROOT = iphoneos;
				TARGETED_DEVICE_FAMILY = "1,2";
				VALIDATE_PRODUCT = YES;
			};
			name = Release;
		};
		47D1BAFC1E2C1AA50053D12B /* Debug */ = {
			isa = XCBuildConfiguration;
			buildSettings = {
				ASSETCATALOG_COMPILER_APPICON_NAME = AppIcon;
				INFOPLIST_FILE = Filterer/Info.plist;
				IPHONEOS_DEPLOYMENT_TARGET = 9.3;
				LD_RUNPATH_SEARCH_PATHS = "$(inherited) @executable_path/Frameworks";
				PRODUCT_BUNDLE_IDENTIFIER = com.cyrus.Filterer;
				PRODUCT_NAME = "$(TARGET_NAME)";
			};
			name = Debug;
		};
		47D1BAFD1E2C1AA50053D12B /* Release */ = {
			isa = XCBuildConfiguration;
			buildSettings = {
				ASSETCATALOG_COMPILER_APPICON_NAME = AppIcon;
				INFOPLIST_FILE = Filterer/Info.plist;
				IPHONEOS_DEPLOYMENT_TARGET = 9.3;
				LD_RUNPATH_SEARCH_PATHS = "$(inherited) @executable_path/Frameworks";
				PRODUCT_BUNDLE_IDENTIFIER = com.cyrus.Filterer;
				PRODUCT_NAME = "$(TARGET_NAME)";
			};
			name = Release;
		};
		47D1BAFF1E2C1AA50053D12B /* Debug */ = {
			isa = XCBuildConfiguration;
			buildSettings = {
				BUNDLE_LOADER = "$(TEST_HOST)";
				INFOPLIST_FILE = FiltererTests/Info.plist;
				LD_RUNPATH_SEARCH_PATHS = "$(inherited) @executable_path/Frameworks @loader_path/Frameworks";
				PRODUCT_BUNDLE_IDENTIFIER = com.cyrus.FiltererTests;
				PRODUCT_NAME = "$(TARGET_NAME)";
				TEST_HOST = "$(BUILT_PRODUCTS_DIR)/Filterer.app/Filterer";
			};
			name = Debug;
		};
		47D1BB001E2C1AA50053D12B /* Release */ = {
			isa = XCBuildConfiguration;
			buildSettings = {
				BUNDLE_LOADER = "$(TEST_HOST)";
				INFOPLIST_FILE = FiltererTests/Info.plist;
				LD_RUNPATH_SEARCH_PATHS = "$(inherited) @executable_path/Frameworks @loader_path/Frameworks";
				PRODUCT_BUNDLE_IDENTIFIER = com.cyrus.FiltererTests;
				PRODUCT_NAME = "$(TARGET_NAME)";
				TEST_HOST = "$(BUILT_PRODUCTS_DIR)/Filterer.app/Filterer";
			};
			name = Release;
		};
		47D1BB021E2C1AA50053D12B /* Debug */ = {
			isa = XCBuildConfiguration;
			buildSettings = {
				INFOPLIST_FILE = FiltererUITests/Info.plist;
				LD_RUNPATH_SEARCH_PATHS = "$(inherited) @executable_path/Frameworks @loader_path/Frameworks";
				PRODUCT_BUNDLE_IDENTIFIER = com.cyrus.FiltererUITests;
				PRODUCT_NAME = "$(TARGET_NAME)";
				TEST_TARGET_NAME = Filterer;
			};
			name = Debug;
		};
		47D1BB031E2C1AA50053D12B /* Release */ = {
			isa = XCBuildConfiguration;
			buildSettings = {
				INFOPLIST_FILE = FiltererUITests/Info.plist;
				LD_RUNPATH_SEARCH_PATHS = "$(inherited) @executable_path/Frameworks @loader_path/Frameworks";
				PRODUCT_BUNDLE_IDENTIFIER = com.cyrus.FiltererUITests;
				PRODUCT_NAME = "$(TARGET_NAME)";
				TEST_TARGET_NAME = Filterer;
			};
			name = Release;
		};
/* End XCBuildConfiguration section */

/* Begin XCConfigurationList section */
		47D1BACE1E2C1AA40053D12B /* Build configuration list for PBXProject "Filterer" */ = {
			isa = XCConfigurationList;
			buildConfigurations = (
				47D1BAF91E2C1AA50053D12B /* Debug */,
				47D1BAFA1E2C1AA50053D12B /* Release */,
			);
			defaultConfigurationIsVisible = 0;
			defaultConfigurationName = Release;
		};
		47D1BAFB1E2C1AA50053D12B /* Build configuration list for PBXNativeTarget "Filterer" */ = {
			isa = XCConfigurationList;
			buildConfigurations = (
				47D1BAFC1E2C1AA50053D12B /* Debug */,
				47D1BAFD1E2C1AA50053D12B /* Release */,
			);
			defaultConfigurationIsVisible = 0;
			defaultConfigurationName = Release;
		};
		47D1BAFE1E2C1AA50053D12B /* Build configuration list for PBXNativeTarget "FiltererTests" */ = {
			isa = XCConfigurationList;
			buildConfigurations = (
				47D1BAFF1E2C1AA50053D12B /* Debug */,
				47D1BB001E2C1AA50053D12B /* Release */,
			);
			defaultConfigurationIsVisible = 0;
			defaultConfigurationName = Release;
		};
		47D1BB011E2C1AA50053D12B /* Build configuration list for PBXNativeTarget "FiltererUITests" */ = {
			isa = XCConfigurationList;
			buildConfigurations = (
				47D1BB021E2C1AA50053D12B /* Debug */,
				47D1BB031E2C1AA50053D12B /* Release */,
			);
			defaultConfigurationIsVisible = 0;
			defaultConfigurationName = Release;
		};
/* End XCConfigurationList section */
	};
	rootObject = 47D1BACB1E2C1AA40053D12B /* Project object */;
}
